// !$*UTF8*$!
{
	archiveVersion = 1;
	classes = {
	};
	objectVersion = 54;
	objects = {

/* Begin PBXBuildFile section */
		058557BB273AAA24004C7B11 /* Assets.xcassets in Resources */ = {isa = PBXBuildFile; fileRef = 058557BA273AAA24004C7B11 /* Assets.xcassets */; };
		058557D9273AAEEB004C7B11 /* Preview Assets.xcassets in Resources */ = {isa = PBXBuildFile; fileRef = 058557D8273AAEEB004C7B11 /* Preview Assets.xcassets */; };
		2152FB042600AC8F00CF470E /* iOSApp.swift in Sources */ = {isa = PBXBuildFile; fileRef = 2152FB032600AC8F00CF470E /* iOSApp.swift */; };
		2DC482782FADFC624E8A17E2 /* Pods_iosApp.framework in Frameworks */ = {isa = PBXBuildFile; fileRef = C3AF13F9A3CBC5286225BDC0 /* Pods_iosApp.framework */; };
		7555FF83242A565900829871 /* ContentView.swift in Sources */ = {isa = PBXBuildFile; fileRef = 7555FF82242A565900829871 /* ContentView.swift */; };
		958890AB2D5BD14D0059AE54 /* Color.swift in Sources */ = {isa = PBXBuildFile; fileRef = 958890AA2D5BD1490059AE54 /* Color.swift */; };
		958890AD2D5BD16F0059AE54 /* CustomFont.swift in Sources */ = {isa = PBXBuildFile; fileRef = 958890AC2D5BD16B0059AE54 /* CustomFont.swift */; };
		958890B62D5BFA7E0059AE54 /* poppins_medium.ttf in Resources */ = {isa = PBXBuildFile; fileRef = 958890B22D5BFA7E0059AE54 /* poppins_medium.ttf */; };
		958890B72D5BFA7E0059AE54 /* poppins_black.ttf in Resources */ = {isa = PBXBuildFile; fileRef = 958890AE2D5BFA7E0059AE54 /* poppins_black.ttf */; };
		958890B82D5BFA7E0059AE54 /* poppins_bold.ttf in Resources */ = {isa = PBXBuildFile; fileRef = 958890AF2D5BFA7E0059AE54 /* poppins_bold.ttf */; };
		958890B92D5BFA7E0059AE54 /* poppins_italic.ttf in Resources */ = {isa = PBXBuildFile; fileRef = 958890B02D5BFA7E0059AE54 /* poppins_italic.ttf */; };
		958890BA2D5BFA7E0059AE54 /* poppins_semibold.ttf in Resources */ = {isa = PBXBuildFile; fileRef = 958890B42D5BFA7E0059AE54 /* poppins_semibold.ttf */; };
		958890BB2D5BFA7E0059AE54 /* poppins_thin.ttf in Resources */ = {isa = PBXBuildFile; fileRef = 958890B52D5BFA7E0059AE54 /* poppins_thin.ttf */; };
		958890BC2D5BFA7E0059AE54 /* poppins_regular.ttf in Resources */ = {isa = PBXBuildFile; fileRef = 958890B32D5BFA7E0059AE54 /* poppins_regular.ttf */; };
		958890BD2D5BFA7E0059AE54 /* poppins_light.ttf in Resources */ = {isa = PBXBuildFile; fileRef = 958890B12D5BFA7E0059AE54 /* poppins_light.ttf */; };
		958890BF2D5BFC530059AE54 /* Constants.swift in Sources */ = {isa = PBXBuildFile; fileRef = 958890BE2D5BFC490059AE54 /* Constants.swift */; };
		958890C22D5BFC9B0059AE54 /* CustomToggleStyle.swift in Sources */ = {isa = PBXBuildFile; fileRef = 958890C12D5BFC920059AE54 /* CustomToggleStyle.swift */; };
		958890C42D5BFDBF0059AE54 /* RoundedRectCorner.swift in Sources */ = {isa = PBXBuildFile; fileRef = 958890C32D5BFDB80059AE54 /* RoundedRectCorner.swift */; };
		958890C72D5BFDEA0059AE54 /* IosImageResources.swift in Sources */ = {isa = PBXBuildFile; fileRef = 958890C62D5BFDE10059AE54 /* IosImageResources.swift */; };
		958890C92D5BFDF50059AE54 /* IosStringResources.swift in Sources */ = {isa = PBXBuildFile; fileRef = 958890C82D5BFDF30059AE54 /* IosStringResources.swift */; };
		958890CB2D5BFF220059AE54 /* RatingManager.swift in Sources */ = {isa = PBXBuildFile; fileRef = 958890CA2D5BFF200059AE54 /* RatingManager.swift */; };
		958890CD2D5BFFB50059AE54 /* AnalyticsManager.swift in Sources */ = {isa = PBXBuildFile; fileRef = 958890CC2D5BFFB30059AE54 /* AnalyticsManager.swift */; };
		958890CF2D5C01330059AE54 /* CameraService.swift in Sources */ = {isa = PBXBuildFile; fileRef = 958890CE2D5C01320059AE54 /* CameraService.swift */; };
		958890D12D5C014D0059AE54 /* ImageLoader.swift in Sources */ = {isa = PBXBuildFile; fileRef = 958890D02D5C014C0059AE54 /* ImageLoader.swift */; };
		958890D42D5C01B60059AE54 /* Settings.swift in Sources */ = {isa = PBXBuildFile; fileRef = 958890D32D5C01AC0059AE54 /* Settings.swift */; };
		958890D62D5C01F60059AE54 /* AppStorageSessionCache.swift in Sources */ = {isa = PBXBuildFile; fileRef = 958890D52D5C01F50059AE54 /* AppStorageSessionCache.swift */; };
		958890DB2D5C03EE0059AE54 /* Button.swift in Sources */ = {isa = PBXBuildFile; fileRef = 958890DA2D5C03EC0059AE54 /* Button.swift */; };
		958890DD2D5C03F80059AE54 /* CopyrightText.swift in Sources */ = {isa = PBXBuildFile; fileRef = 958890DC2D5C03F60059AE54 /* CopyrightText.swift */; };
		958890DF2D5C04AF0059AE54 /* IconButton.swift in Sources */ = {isa = PBXBuildFile; fileRef = 958890DE2D5C04AD0059AE54 /* IconButton.swift */; };
		958890E12D5C04BC0059AE54 /* IconTextButton.swift in Sources */ = {isa = PBXBuildFile; fileRef = 958890E02D5C04BA0059AE54 /* IconTextButton.swift */; };
		958890E32D5C04C90059AE54 /* ImageButton.swift in Sources */ = {isa = PBXBuildFile; fileRef = 958890E22D5C04C70059AE54 /* ImageButton.swift */; };
		958890E52D5C04D40059AE54 /* LoadingButton.swift in Sources */ = {isa = PBXBuildFile; fileRef = 958890E42D5C04D20059AE54 /* LoadingButton.swift */; };
		958890E72D5C05940059AE54 /* OutlinedTextField.swift in Sources */ = {isa = PBXBuildFile; fileRef = 958890E62D5C05910059AE54 /* OutlinedTextField.swift */; };
		958890EA2D5C06B30059AE54 /* AppAlertDialog.swift in Sources */ = {isa = PBXBuildFile; fileRef = 958890E92D5C06B00059AE54 /* AppAlertDialog.swift */; };
		958890EC2D5C06CE0059AE54 /* PopUpNavigation.swift in Sources */ = {isa = PBXBuildFile; fileRef = 958890EB2D5C06C40059AE54 /* PopUpNavigation.swift */; };
		958890F12D5C08FE0059AE54 /* Survey.swift in Sources */ = {isa = PBXBuildFile; fileRef = 958890F02D5C08F60059AE54 /* Survey.swift */; };
		958890F32D5C09080059AE54 /* BannerAds.swift in Sources */ = {isa = PBXBuildFile; fileRef = 958890F22D5C09040059AE54 /* BannerAds.swift */; };
		958890F62D5C092A0059AE54 /* BottomBar.swift in Sources */ = {isa = PBXBuildFile; fileRef = 958890F52D5C09280059AE54 /* BottomBar.swift */; };
		958890F82D5C09330059AE54 /* RoundedBottomBar.swift in Sources */ = {isa = PBXBuildFile; fileRef = 958890F72D5C092C0059AE54 /* RoundedBottomBar.swift */; };
		958890FA2D5C09D80059AE54 /* TopBar.swift in Sources */ = {isa = PBXBuildFile; fileRef = 958890F92D5C09D70059AE54 /* TopBar.swift */; };
		958890FC2D5C09E00059AE54 /* RoundedTopBar.swift in Sources */ = {isa = PBXBuildFile; fileRef = 958890FB2D5C09DB0059AE54 /* RoundedTopBar.swift */; };
		958890FE2D5C0AE30059AE54 /* SettingsScreen.swift in Sources */ = {isa = PBXBuildFile; fileRef = 958890FD2D5C0AE20059AE54 /* SettingsScreen.swift */; };
		958891002D5C0AF10059AE54 /* ProfilScreen.swift in Sources */ = {isa = PBXBuildFile; fileRef = 958890FF2D5C0AF00059AE54 /* ProfilScreen.swift */; };
		958891022D5C0B000059AE54 /* HomeScreen.swift in Sources */ = {isa = PBXBuildFile; fileRef = 958891012D5C0AFE0059AE54 /* HomeScreen.swift */; };
		958891052D5C0B1F0059AE54 /* CameraScreen.swift in Sources */ = {isa = PBXBuildFile; fileRef = 958891042D5C0B1D0059AE54 /* CameraScreen.swift */; };
		958891072D5C0B390059AE54 /* AuthMenuScreen.swift in Sources */ = {isa = PBXBuildFile; fileRef = 958891062D5C0B380059AE54 /* AuthMenuScreen.swift */; };
		9588910B2D5C0B690059AE54 /* LoginScreen.swift in Sources */ = {isa = PBXBuildFile; fileRef = 9588910A2D5C0B630059AE54 /* LoginScreen.swift */; };
		9588910D2D5C0B730059AE54 /* RegisterScreen.swift in Sources */ = {isa = PBXBuildFile; fileRef = 9588910C2D5C0B6D0059AE54 /* RegisterScreen.swift */; };
/* End PBXBuildFile section */

/* Begin PBXFileReference section */
		041A757E820F00974DEBDD63 /* Pods-iosApp.release.xcconfig */ = {isa = PBXFileReference; includeInIndex = 1; lastKnownFileType = text.xcconfig; name = "Pods-iosApp.release.xcconfig"; path = "Target Support Files/Pods-iosApp/Pods-iosApp.release.xcconfig"; sourceTree = "<group>"; };
		058557BA273AAA24004C7B11 /* Assets.xcassets */ = {isa = PBXFileReference; lastKnownFileType = folder.assetcatalog; path = Assets.xcassets; sourceTree = "<group>"; };
		058557D8273AAEEB004C7B11 /* Preview Assets.xcassets */ = {isa = PBXFileReference; lastKnownFileType = folder.assetcatalog; path = "Preview Assets.xcassets"; sourceTree = "<group>"; };
		2152FB032600AC8F00CF470E /* iOSApp.swift */ = {isa = PBXFileReference; lastKnownFileType = sourcecode.swift; path = iOSApp.swift; sourceTree = "<group>"; };
		7555FF7B242A565900829871 /* iosApp.app */ = {isa = PBXFileReference; explicitFileType = wrapper.application; includeInIndex = 0; path = iosApp.app; sourceTree = BUILT_PRODUCTS_DIR; };
		7555FF82242A565900829871 /* ContentView.swift */ = {isa = PBXFileReference; lastKnownFileType = sourcecode.swift; path = ContentView.swift; sourceTree = "<group>"; };
		7555FF8C242A565B00829871 /* Info.plist */ = {isa = PBXFileReference; lastKnownFileType = text.plist.xml; path = Info.plist; sourceTree = "<group>"; };
		958890AA2D5BD1490059AE54 /* Color.swift */ = {isa = PBXFileReference; lastKnownFileType = sourcecode.swift; path = Color.swift; sourceTree = "<group>"; };
		958890AC2D5BD16B0059AE54 /* CustomFont.swift */ = {isa = PBXFileReference; lastKnownFileType = sourcecode.swift; path = CustomFont.swift; sourceTree = "<group>"; };
		958890AE2D5BFA7E0059AE54 /* poppins_black.ttf */ = {isa = PBXFileReference; lastKnownFileType = file; path = poppins_black.ttf; sourceTree = "<group>"; };
		958890AF2D5BFA7E0059AE54 /* poppins_bold.ttf */ = {isa = PBXFileReference; lastKnownFileType = file; path = poppins_bold.ttf; sourceTree = "<group>"; };
		958890B02D5BFA7E0059AE54 /* poppins_italic.ttf */ = {isa = PBXFileReference; lastKnownFileType = file; path = poppins_italic.ttf; sourceTree = "<group>"; };
		958890B12D5BFA7E0059AE54 /* poppins_light.ttf */ = {isa = PBXFileReference; lastKnownFileType = file; path = poppins_light.ttf; sourceTree = "<group>"; };
		958890B22D5BFA7E0059AE54 /* poppins_medium.ttf */ = {isa = PBXFileReference; lastKnownFileType = file; path = poppins_medium.ttf; sourceTree = "<group>"; };
		958890B32D5BFA7E0059AE54 /* poppins_regular.ttf */ = {isa = PBXFileReference; lastKnownFileType = file; path = poppins_regular.ttf; sourceTree = "<group>"; };
		958890B42D5BFA7E0059AE54 /* poppins_semibold.ttf */ = {isa = PBXFileReference; lastKnownFileType = file; path = poppins_semibold.ttf; sourceTree = "<group>"; };
		958890B52D5BFA7E0059AE54 /* poppins_thin.ttf */ = {isa = PBXFileReference; lastKnownFileType = file; path = poppins_thin.ttf; sourceTree = "<group>"; };
		958890BE2D5BFC490059AE54 /* Constants.swift */ = {isa = PBXFileReference; lastKnownFileType = sourcecode.swift; path = Constants.swift; sourceTree = "<group>"; };
		958890C12D5BFC920059AE54 /* CustomToggleStyle.swift */ = {isa = PBXFileReference; lastKnownFileType = sourcecode.swift; path = CustomToggleStyle.swift; sourceTree = "<group>"; };
		958890C32D5BFDB80059AE54 /* RoundedRectCorner.swift */ = {isa = PBXFileReference; lastKnownFileType = sourcecode.swift; path = RoundedRectCorner.swift; sourceTree = "<group>"; };
		958890C62D5BFDE10059AE54 /* IosImageResources.swift */ = {isa = PBXFileReference; lastKnownFileType = sourcecode.swift; path = IosImageResources.swift; sourceTree = "<group>"; };
		958890C82D5BFDF30059AE54 /* IosStringResources.swift */ = {isa = PBXFileReference; lastKnownFileType = sourcecode.swift; path = IosStringResources.swift; sourceTree = "<group>"; };
		958890CA2D5BFF200059AE54 /* RatingManager.swift */ = {isa = PBXFileReference; lastKnownFileType = sourcecode.swift; path = RatingManager.swift; sourceTree = "<group>"; };
		958890CC2D5BFFB30059AE54 /* AnalyticsManager.swift */ = {isa = PBXFileReference; lastKnownFileType = sourcecode.swift; path = AnalyticsManager.swift; sourceTree = "<group>"; };
		958890CE2D5C01320059AE54 /* CameraService.swift */ = {isa = PBXFileReference; lastKnownFileType = sourcecode.swift; path = CameraService.swift; sourceTree = "<group>"; };
		958890D02D5C014C0059AE54 /* ImageLoader.swift */ = {isa = PBXFileReference; lastKnownFileType = sourcecode.swift; path = ImageLoader.swift; sourceTree = "<group>"; };
		958890D32D5C01AC0059AE54 /* Settings.swift */ = {isa = PBXFileReference; lastKnownFileType = sourcecode.swift; path = Settings.swift; sourceTree = "<group>"; };
		958890D52D5C01F50059AE54 /* AppStorageSessionCache.swift */ = {isa = PBXFileReference; lastKnownFileType = sourcecode.swift; path = AppStorageSessionCache.swift; sourceTree = "<group>"; };
		958890DA2D5C03EC0059AE54 /* Button.swift */ = {isa = PBXFileReference; lastKnownFileType = sourcecode.swift; path = Button.swift; sourceTree = "<group>"; };
		958890DC2D5C03F60059AE54 /* CopyrightText.swift */ = {isa = PBXFileReference; lastKnownFileType = sourcecode.swift; path = CopyrightText.swift; sourceTree = "<group>"; };
		958890DE2D5C04AD0059AE54 /* IconButton.swift */ = {isa = PBXFileReference; lastKnownFileType = sourcecode.swift; path = IconButton.swift; sourceTree = "<group>"; };
		958890E02D5C04BA0059AE54 /* IconTextButton.swift */ = {isa = PBXFileReference; lastKnownFileType = sourcecode.swift; path = IconTextButton.swift; sourceTree = "<group>"; };
		958890E22D5C04C70059AE54 /* ImageButton.swift */ = {isa = PBXFileReference; lastKnownFileType = sourcecode.swift; path = ImageButton.swift; sourceTree = "<group>"; };
		958890E42D5C04D20059AE54 /* LoadingButton.swift */ = {isa = PBXFileReference; lastKnownFileType = sourcecode.swift; path = LoadingButton.swift; sourceTree = "<group>"; };
		958890E62D5C05910059AE54 /* OutlinedTextField.swift */ = {isa = PBXFileReference; lastKnownFileType = sourcecode.swift; path = OutlinedTextField.swift; sourceTree = "<group>"; };
		958890E92D5C06B00059AE54 /* AppAlertDialog.swift */ = {isa = PBXFileReference; lastKnownFileType = sourcecode.swift; path = AppAlertDialog.swift; sourceTree = "<group>"; };
		958890EB2D5C06C40059AE54 /* PopUpNavigation.swift */ = {isa = PBXFileReference; lastKnownFileType = sourcecode.swift; path = PopUpNavigation.swift; sourceTree = "<group>"; };
		958890F02D5C08F60059AE54 /* Survey.swift */ = {isa = PBXFileReference; lastKnownFileType = sourcecode.swift; path = Survey.swift; sourceTree = "<group>"; };
		958890F22D5C09040059AE54 /* BannerAds.swift */ = {isa = PBXFileReference; lastKnownFileType = sourcecode.swift; path = BannerAds.swift; sourceTree = "<group>"; };
		958890F52D5C09280059AE54 /* BottomBar.swift */ = {isa = PBXFileReference; lastKnownFileType = sourcecode.swift; path = BottomBar.swift; sourceTree = "<group>"; };
		958890F72D5C092C0059AE54 /* RoundedBottomBar.swift */ = {isa = PBXFileReference; lastKnownFileType = sourcecode.swift; path = RoundedBottomBar.swift; sourceTree = "<group>"; };
		958890F92D5C09D70059AE54 /* TopBar.swift */ = {isa = PBXFileReference; lastKnownFileType = sourcecode.swift; path = TopBar.swift; sourceTree = "<group>"; };
		958890FB2D5C09DB0059AE54 /* RoundedTopBar.swift */ = {isa = PBXFileReference; lastKnownFileType = sourcecode.swift; path = RoundedTopBar.swift; sourceTree = "<group>"; };
		958890FD2D5C0AE20059AE54 /* SettingsScreen.swift */ = {isa = PBXFileReference; lastKnownFileType = sourcecode.swift; path = SettingsScreen.swift; sourceTree = "<group>"; };
		958890FF2D5C0AF00059AE54 /* ProfilScreen.swift */ = {isa = PBXFileReference; lastKnownFileType = sourcecode.swift; path = ProfilScreen.swift; sourceTree = "<group>"; };
		958891012D5C0AFE0059AE54 /* HomeScreen.swift */ = {isa = PBXFileReference; lastKnownFileType = sourcecode.swift; path = HomeScreen.swift; sourceTree = "<group>"; };
		958891042D5C0B1D0059AE54 /* CameraScreen.swift */ = {isa = PBXFileReference; lastKnownFileType = sourcecode.swift; path = CameraScreen.swift; sourceTree = "<group>"; };
		958891062D5C0B380059AE54 /* AuthMenuScreen.swift */ = {isa = PBXFileReference; lastKnownFileType = sourcecode.swift; path = AuthMenuScreen.swift; sourceTree = "<group>"; };
		9588910A2D5C0B630059AE54 /* LoginScreen.swift */ = {isa = PBXFileReference; lastKnownFileType = sourcecode.swift; path = LoginScreen.swift; sourceTree = "<group>"; };
		9588910C2D5C0B6D0059AE54 /* RegisterScreen.swift */ = {isa = PBXFileReference; lastKnownFileType = sourcecode.swift; path = RegisterScreen.swift; sourceTree = "<group>"; };
		C3AF13F9A3CBC5286225BDC0 /* Pods_iosApp.framework */ = {isa = PBXFileReference; explicitFileType = wrapper.framework; includeInIndex = 0; path = Pods_iosApp.framework; sourceTree = BUILT_PRODUCTS_DIR; };
		F6D7C0D348E60122D444C720 /* Pods-iosApp.debug.xcconfig */ = {isa = PBXFileReference; includeInIndex = 1; lastKnownFileType = text.xcconfig; name = "Pods-iosApp.debug.xcconfig"; path = "Target Support Files/Pods-iosApp/Pods-iosApp.debug.xcconfig"; sourceTree = "<group>"; };
/* End PBXFileReference section */

/* Begin PBXFrameworksBuildPhase section */
		4496547DAB3BC041E7CE9E22 /* Frameworks */ = {
			isa = PBXFrameworksBuildPhase;
			buildActionMask = 2147483647;
			files = (
				2DC482782FADFC624E8A17E2 /* Pods_iosApp.framework in Frameworks */,
			);
			runOnlyForDeploymentPostprocessing = 0;
		};
/* End PBXFrameworksBuildPhase section */

/* Begin PBXGroup section */
		058557D7273AAEEB004C7B11 /* Preview Content */ = {
			isa = PBXGroup;
			children = (
				058557D8273AAEEB004C7B11 /* Preview Assets.xcassets */,
			);
			path = "Preview Content";
			sourceTree = "<group>";
		};
		0C7B966DBC1CC7B372135D71 /* Frameworks */ = {
			isa = PBXGroup;
			children = (
				C3AF13F9A3CBC5286225BDC0 /* Pods_iosApp.framework */,
			);
			name = Frameworks;
			sourceTree = "<group>";
		};
		7555FF72242A565900829871 = {
			isa = PBXGroup;
			children = (
				7555FF7D242A565900829871 /* iosApp */,
				7555FF7C242A565900829871 /* Products */,
				92B404AA8D288F04DC01F508 /* Pods */,
				0C7B966DBC1CC7B372135D71 /* Frameworks */,
			);
			sourceTree = "<group>";
		};
		7555FF7C242A565900829871 /* Products */ = {
			isa = PBXGroup;
			children = (
				7555FF7B242A565900829871 /* iosApp.app */,
			);
			name = Products;
			sourceTree = "<group>";
		};
		7555FF7D242A565900829871 /* iosApp */ = {
			isa = PBXGroup;
			children = (
				958B2A022D517B2E006F9E03 /* presentation */,
				958B2A012D517B19006F9E03 /* util */,
				958B2A002D517B13006F9E03 /* ui */,
				958B29FF2D517B0C006F9E03 /* service */,
				958B29FE2D517B00006F9E03 /* cache */,
				058557BA273AAA24004C7B11 /* Assets.xcassets */,
				7555FF82242A565900829871 /* ContentView.swift */,
				7555FF8C242A565B00829871 /* Info.plist */,
				2152FB032600AC8F00CF470E /* iOSApp.swift */,
				058557D7273AAEEB004C7B11 /* Preview Content */,
			);
			path = iosApp;
			sourceTree = "<group>";
		};
		92B404AA8D288F04DC01F508 /* Pods */ = {
			isa = PBXGroup;
			children = (
				F6D7C0D348E60122D444C720 /* Pods-iosApp.debug.xcconfig */,
				041A757E820F00974DEBDD63 /* Pods-iosApp.release.xcconfig */,
			);
			path = Pods;
			sourceTree = "<group>";
		};
		958890C02D5BFC8A0059AE54 /* toggle */ = {
			isa = PBXGroup;
			children = (
				958890C12D5BFC920059AE54 /* CustomToggleStyle.swift */,
			);
			path = toggle;
			sourceTree = "<group>";
		};
		958890C52D5BFDCE0059AE54 /* review */ = {
			isa = PBXGroup;
			children = (
				958890CA2D5BFF200059AE54 /* RatingManager.swift */,
			);
			path = review;
			sourceTree = "<group>";
		};
		958890D22D5C01A70059AE54 /* model */ = {
			isa = PBXGroup;
			children = (
				958890D32D5C01AC0059AE54 /* Settings.swift */,
			);
			path = model;
			sourceTree = "<group>";
		};
		958890D72D5C03BF0059AE54 /* button */ = {
			isa = PBXGroup;
			children = (
				958890E42D5C04D20059AE54 /* LoadingButton.swift */,
				958890E22D5C04C70059AE54 /* ImageButton.swift */,
				958890E02D5C04BA0059AE54 /* IconTextButton.swift */,
				958890DE2D5C04AD0059AE54 /* IconButton.swift */,
				958890DA2D5C03EC0059AE54 /* Button.swift */,
			);
			path = button;
			sourceTree = "<group>";
		};
		958890D82D5C03C70059AE54 /* textfield */ = {
			isa = PBXGroup;
			children = (
				958890E62D5C05910059AE54 /* OutlinedTextField.swift */,
			);
			path = textfield;
			sourceTree = "<group>";
		};
		958890D92D5C03D10059AE54 /* label */ = {
			isa = PBXGroup;
			children = (
				958890DC2D5C03F60059AE54 /* CopyrightText.swift */,
			);
			path = label;
			sourceTree = "<group>";
		};
		958890E82D5C069D0059AE54 /* popup */ = {
			isa = PBXGroup;
			children = (
				958890EB2D5C06C40059AE54 /* PopUpNavigation.swift */,
				958890E92D5C06B00059AE54 /* AppAlertDialog.swift */,
			);
			path = popup;
			sourceTree = "<group>";
		};
		958890ED2D5C07830059AE54 /* navigation */ = {
			isa = PBXGroup;
			children = (
				958890F92D5C09D70059AE54 /* TopBar.swift */,
				958890F52D5C09280059AE54 /* BottomBar.swift */,
				958890F42D5C091A0059AE54 /* rounded */,
			);
			path = navigation;
			sourceTree = "<group>";
		};
		958890EE2D5C078B0059AE54 /* ads */ = {
			isa = PBXGroup;
			children = (
				958890F22D5C09040059AE54 /* BannerAds.swift */,
			);
			path = ads;
			sourceTree = "<group>";
		};
		958890EF2D5C07940059AE54 /* survey */ = {
			isa = PBXGroup;
			children = (
				958890F02D5C08F60059AE54 /* Survey.swift */,
			);
			path = survey;
			sourceTree = "<group>";
		};
		958890F42D5C091A0059AE54 /* rounded */ = {
			isa = PBXGroup;
			children = (
				958890FB2D5C09DB0059AE54 /* RoundedTopBar.swift */,
				958890F72D5C092C0059AE54 /* RoundedBottomBar.swift */,
			);
			path = rounded;
			sourceTree = "<group>";
		};
		958891032D5C0B0A0059AE54 /* camera */ = {
			isa = PBXGroup;
			children = (
				958891042D5C0B1D0059AE54 /* CameraScreen.swift */,
			);
			path = camera;
			sourceTree = "<group>";
		};
		958B29FE2D517B00006F9E03 /* cache */ = {
			isa = PBXGroup;
			children = (
				958890D52D5C01F50059AE54 /* AppStorageSessionCache.swift */,
				958890D22D5C01A70059AE54 /* model */,
			);
			path = cache;
			sourceTree = "<group>";
		};
		958B29FF2D517B0C006F9E03 /* service */ = {
			isa = PBXGroup;
			children = (
				958890C52D5BFDCE0059AE54 /* review */,
				958B2A112D517C4D006F9E03 /* image */,
				958B2A102D517C47006F9E03 /* camera */,
				958B2A082D517B7F006F9E03 /* analytics */,
			);
			path = service;
			sourceTree = "<group>";
		};
		958B2A002D517B13006F9E03 /* ui */ = {
			isa = PBXGroup;
			children = (
				958B2A072D517B72006F9E03 /* theme */,
				958B2A062D517B6C006F9E03 /* font */,
			);
			path = ui;
			sourceTree = "<group>";
		};
		958B2A012D517B19006F9E03 /* util */ = {
			isa = PBXGroup;
			children = (
				958890C82D5BFDF30059AE54 /* IosStringResources.swift */,
				958890C62D5BFDE10059AE54 /* IosImageResources.swift */,
				958890BE2D5BFC490059AE54 /* Constants.swift */,
			);
			path = util;
			sourceTree = "<group>";
		};
		958B2A022D517B2E006F9E03 /* presentation */ = {
			isa = PBXGroup;
			children = (
				958B2A052D517B51006F9E03 /* screen */,
				958B2A042D517B48006F9E03 /* components */,
				958B2A032D517B3D006F9E03 /* common */,
			);
			path = presentation;
			sourceTree = "<group>";
		};
		958B2A032D517B3D006F9E03 /* common */ = {
			isa = PBXGroup;
			children = (
				958890E82D5C069D0059AE54 /* popup */,
				958890D92D5C03D10059AE54 /* label */,
				958890D82D5C03C70059AE54 /* textfield */,
				958890D72D5C03BF0059AE54 /* button */,
				958890C02D5BFC8A0059AE54 /* toggle */,
				958890C32D5BFDB80059AE54 /* RoundedRectCorner.swift */,
			);
			path = common;
			sourceTree = "<group>";
		};
		958B2A042D517B48006F9E03 /* components */ = {
			isa = PBXGroup;
			children = (
				958890EF2D5C07940059AE54 /* survey */,
				958890EE2D5C078B0059AE54 /* ads */,
				958890ED2D5C07830059AE54 /* navigation */,
			);
			path = components;
			sourceTree = "<group>";
		};
		958B2A052D517B51006F9E03 /* screen */ = {
			isa = PBXGroup;
			children = (
				958B2A0C2D517BBE006F9E03 /* settings */,
				958B2A0B2D517BB3006F9E03 /* profil */,
				958B2A0A2D517BAD006F9E03 /* home */,
				958891032D5C0B0A0059AE54 /* camera */,
				958B2A092D517BA0006F9E03 /* auth */,
			);
			path = screen;
			sourceTree = "<group>";
		};
		958B2A062D517B6C006F9E03 /* font */ = {
			isa = PBXGroup;
			children = (
				958890AE2D5BFA7E0059AE54 /* poppins_black.ttf */,
				958890AF2D5BFA7E0059AE54 /* poppins_bold.ttf */,
				958890B02D5BFA7E0059AE54 /* poppins_italic.ttf */,
				958890B12D5BFA7E0059AE54 /* poppins_light.ttf */,
				958890B22D5BFA7E0059AE54 /* poppins_medium.ttf */,
				958890B32D5BFA7E0059AE54 /* poppins_regular.ttf */,
				958890B42D5BFA7E0059AE54 /* poppins_semibold.ttf */,
				958890B52D5BFA7E0059AE54 /* poppins_thin.ttf */,
				958890AC2D5BD16B0059AE54 /* CustomFont.swift */,
			);
			path = font;
			sourceTree = "<group>";
		};
		958B2A072D517B72006F9E03 /* theme */ = {
			isa = PBXGroup;
			children = (
				958890AA2D5BD1490059AE54 /* Color.swift */,
			);
			path = theme;
			sourceTree = "<group>";
		};
		958B2A082D517B7F006F9E03 /* analytics */ = {
			isa = PBXGroup;
			children = (
				958890CC2D5BFFB30059AE54 /* AnalyticsManager.swift */,
			);
			path = analytics;
			sourceTree = "<group>";
		};
		958B2A092D517BA0006F9E03 /* auth */ = {
			isa = PBXGroup;
			children = (
				958B2A0F2D517C3B006F9E03 /* menu */,
				958B2A0E2D517BCC006F9E03 /* register */,
				958B2A0D2D517BC6006F9E03 /* login */,
			);
			path = auth;
			sourceTree = "<group>";
		};
		958B2A0A2D517BAD006F9E03 /* home */ = {
			isa = PBXGroup;
			children = (
				958891012D5C0AFE0059AE54 /* HomeScreen.swift */,
			);
			path = home;
			sourceTree = "<group>";
		};
		958B2A0B2D517BB3006F9E03 /* profil */ = {
			isa = PBXGroup;
			children = (
				958890FF2D5C0AF00059AE54 /* ProfilScreen.swift */,
			);
			path = profil;
			sourceTree = "<group>";
		};
		958B2A0C2D517BBE006F9E03 /* settings */ = {
			isa = PBXGroup;
			children = (
				958890FD2D5C0AE20059AE54 /* SettingsScreen.swift */,
			);
			path = settings;
			sourceTree = "<group>";
		};
		958B2A0D2D517BC6006F9E03 /* login */ = {
			isa = PBXGroup;
			children = (
				9588910A2D5C0B630059AE54 /* LoginScreen.swift */,
			);
			path = login;
			sourceTree = "<group>";
		};
		958B2A0E2D517BCC006F9E03 /* register */ = {
			isa = PBXGroup;
			children = (
				9588910C2D5C0B6D0059AE54 /* RegisterScreen.swift */,
			);
			path = register;
			sourceTree = "<group>";
		};
		958B2A0F2D517C3B006F9E03 /* menu */ = {
			isa = PBXGroup;
			children = (
				958891062D5C0B380059AE54 /* AuthMenuScreen.swift */,
			);
			path = menu;
			sourceTree = "<group>";
		};
		958B2A102D517C47006F9E03 /* camera */ = {
			isa = PBXGroup;
			children = (
				958890CE2D5C01320059AE54 /* CameraService.swift */,
			);
			path = camera;
			sourceTree = "<group>";
		};
		958B2A112D517C4D006F9E03 /* image */ = {
			isa = PBXGroup;
			children = (
				958890D02D5C014C0059AE54 /* ImageLoader.swift */,
			);
			path = image;
			sourceTree = "<group>";
		};
/* End PBXGroup section */

/* Begin PBXNativeTarget section */
		7555FF7A242A565900829871 /* iosApp */ = {
			isa = PBXNativeTarget;
			buildConfigurationList = 7555FFA5242A565B00829871 /* Build configuration list for PBXNativeTarget "iosApp" */;
			buildPhases = (
				38B18193E65569A716DF9E06 /* [CP] Check Pods Manifest.lock */,
				7555FF77242A565900829871 /* Sources */,
				7555FF79242A565900829871 /* Resources */,
				4496547DAB3BC041E7CE9E22 /* Frameworks */,
				29DE407830A002529F3DC00A /* [CP] Embed Pods Frameworks */,
				D7D17576D3FC089E8DE4C97A /* [CP] Copy Pods Resources */,
			);
			buildRules = (
			);
			dependencies = (
			);
			name = iosApp;
			productName = iosApp;
			productReference = 7555FF7B242A565900829871 /* iosApp.app */;
			productType = "com.apple.product-type.application";
		};
/* End PBXNativeTarget section */

/* Begin PBXProject section */
		7555FF73242A565900829871 /* Project object */ = {
			isa = PBXProject;
			attributes = {
				LastSwiftUpdateCheck = 1130;
				LastUpgradeCheck = 1130;
				ORGANIZATIONNAME = orgName;
				TargetAttributes = {
					7555FF7A242A565900829871 = {
						CreatedOnToolsVersion = 11.3.1;
					};
				};
			};
			buildConfigurationList = 7555FF76242A565900829871 /* Build configuration list for PBXProject "iosApp" */;
			compatibilityVersion = "Xcode 9.3";
			developmentRegion = en;
			hasScannedForEncodings = 0;
			knownRegions = (
				en,
				Base,
			);
			mainGroup = 7555FF72242A565900829871;
			productRefGroup = 7555FF7C242A565900829871 /* Products */;
			projectDirPath = "";
			projectRoot = "";
			targets = (
				7555FF7A242A565900829871 /* iosApp */,
			);
		};
/* End PBXProject section */

/* Begin PBXResourcesBuildPhase section */
		7555FF79242A565900829871 /* Resources */ = {
			isa = PBXResourcesBuildPhase;
			buildActionMask = 2147483647;
			files = (
				958890B62D5BFA7E0059AE54 /* poppins_medium.ttf in Resources */,
				958890B72D5BFA7E0059AE54 /* poppins_black.ttf in Resources */,
				958890B82D5BFA7E0059AE54 /* poppins_bold.ttf in Resources */,
				958890B92D5BFA7E0059AE54 /* poppins_italic.ttf in Resources */,
				958890BA2D5BFA7E0059AE54 /* poppins_semibold.ttf in Resources */,
				958890BB2D5BFA7E0059AE54 /* poppins_thin.ttf in Resources */,
				958890BC2D5BFA7E0059AE54 /* poppins_regular.ttf in Resources */,
				958890BD2D5BFA7E0059AE54 /* poppins_light.ttf in Resources */,
				058557D9273AAEEB004C7B11 /* Preview Assets.xcassets in Resources */,
				058557BB273AAA24004C7B11 /* Assets.xcassets in Resources */,
			);
			runOnlyForDeploymentPostprocessing = 0;
		};
/* End PBXResourcesBuildPhase section */

/* Begin PBXShellScriptBuildPhase section */
		29DE407830A002529F3DC00A /* [CP] Embed Pods Frameworks */ = {
			isa = PBXShellScriptBuildPhase;
			buildActionMask = 2147483647;
			files = (
			);
			inputFileListPaths = (
				"${PODS_ROOT}/Target Support Files/Pods-iosApp/Pods-iosApp-frameworks-${CONFIGURATION}-input-files.xcfilelist",
			);
			name = "[CP] Embed Pods Frameworks";
			outputFileListPaths = (
				"${PODS_ROOT}/Target Support Files/Pods-iosApp/Pods-iosApp-frameworks-${CONFIGURATION}-output-files.xcfilelist",
			);
			runOnlyForDeploymentPostprocessing = 0;
			shellPath = /bin/sh;
			shellScript = "\"${PODS_ROOT}/Target Support Files/Pods-iosApp/Pods-iosApp-frameworks.sh\"\n";
			showEnvVarsInLog = 0;
		};
		38B18193E65569A716DF9E06 /* [CP] Check Pods Manifest.lock */ = {
			isa = PBXShellScriptBuildPhase;
			buildActionMask = 2147483647;
			files = (
			);
			inputFileListPaths = (
			);
			inputPaths = (
				"${PODS_PODFILE_DIR_PATH}/Podfile.lock",
				"${PODS_ROOT}/Manifest.lock",
			);
			name = "[CP] Check Pods Manifest.lock";
			outputFileListPaths = (
			);
			outputPaths = (
				"$(DERIVED_FILE_DIR)/Pods-iosApp-checkManifestLockResult.txt",
			);
			runOnlyForDeploymentPostprocessing = 0;
			shellPath = /bin/sh;
			shellScript = "diff \"${PODS_PODFILE_DIR_PATH}/Podfile.lock\" \"${PODS_ROOT}/Manifest.lock\" > /dev/null\nif [ $? != 0 ] ; then\n    # print error to STDERR\n    echo \"error: The sandbox is not in sync with the Podfile.lock. Run 'pod install' or update your CocoaPods installation.\" >&2\n    exit 1\nfi\n# This output is used by Xcode 'outputs' to avoid re-running this script phase.\necho \"SUCCESS\" > \"${SCRIPT_OUTPUT_FILE_0}\"\n";
			showEnvVarsInLog = 0;
		};
		D7D17576D3FC089E8DE4C97A /* [CP] Copy Pods Resources */ = {
			isa = PBXShellScriptBuildPhase;
			buildActionMask = 2147483647;
			files = (
			);
			inputFileListPaths = (
				"${PODS_ROOT}/Target Support Files/Pods-iosApp/Pods-iosApp-resources-${CONFIGURATION}-input-files.xcfilelist",
			);
			name = "[CP] Copy Pods Resources";
			outputFileListPaths = (
				"${PODS_ROOT}/Target Support Files/Pods-iosApp/Pods-iosApp-resources-${CONFIGURATION}-output-files.xcfilelist",
			);
			runOnlyForDeploymentPostprocessing = 0;
			shellPath = /bin/sh;
			shellScript = "\"${PODS_ROOT}/Target Support Files/Pods-iosApp/Pods-iosApp-resources.sh\"\n";
			showEnvVarsInLog = 0;
		};
/* End PBXShellScriptBuildPhase section */

/* Begin PBXSourcesBuildPhase section */
		7555FF77242A565900829871 /* Sources */ = {
			isa = PBXSourcesBuildPhase;
			buildActionMask = 2147483647;
			files = (
				958890FA2D5C09D80059AE54 /* TopBar.swift in Sources */,
				958890DF2D5C04AF0059AE54 /* IconButton.swift in Sources */,
				958890BF2D5BFC530059AE54 /* Constants.swift in Sources */,
				2152FB042600AC8F00CF470E /* iOSApp.swift in Sources */,
				958890DD2D5C03F80059AE54 /* CopyrightText.swift in Sources */,
				958890FE2D5C0AE30059AE54 /* SettingsScreen.swift in Sources */,
				958890C22D5BFC9B0059AE54 /* CustomToggleStyle.swift in Sources */,
				958890DB2D5C03EE0059AE54 /* Button.swift in Sources */,
				958890C72D5BFDEA0059AE54 /* IosImageResources.swift in Sources */,
				958890E32D5C04C90059AE54 /* ImageButton.swift in Sources */,
				958890FC2D5C09E00059AE54 /* RoundedTopBar.swift in Sources */,
				958890F82D5C09330059AE54 /* RoundedBottomBar.swift in Sources */,
				958890D42D5C01B60059AE54 /* Settings.swift in Sources */,
				958890C42D5BFDBF0059AE54 /* RoundedRectCorner.swift in Sources */,
				958890F32D5C09080059AE54 /* BannerAds.swift in Sources */,
				958890AD2D5BD16F0059AE54 /* CustomFont.swift in Sources */,
				958890C92D5BFDF50059AE54 /* IosStringResources.swift in Sources */,
				958890F12D5C08FE0059AE54 /* Survey.swift in Sources */,
				958890EC2D5C06CE0059AE54 /* PopUpNavigation.swift in Sources */,
				958890E12D5C04BC0059AE54 /* IconTextButton.swift in Sources */,
				958890E72D5C05940059AE54 /* OutlinedTextField.swift in Sources */,
				7555FF83242A565900829871 /* ContentView.swift in Sources */,
				958890CF2D5C01330059AE54 /* CameraService.swift in Sources */,
				958890E52D5C04D40059AE54 /* LoadingButton.swift in Sources */,
				958890F62D5C092A0059AE54 /* BottomBar.swift in Sources */,
				958891002D5C0AF10059AE54 /* ProfilScreen.swift in Sources */,
				958891072D5C0B390059AE54 /* AuthMenuScreen.swift in Sources */,
				958891022D5C0B000059AE54 /* HomeScreen.swift in Sources */,
				958890D62D5C01F60059AE54 /* AppStorageSessionCache.swift in Sources */,
				9588910B2D5C0B690059AE54 /* LoginScreen.swift in Sources */,
				9588910D2D5C0B730059AE54 /* RegisterScreen.swift in Sources */,
				958890CD2D5BFFB50059AE54 /* AnalyticsManager.swift in Sources */,
				958890CB2D5BFF220059AE54 /* RatingManager.swift in Sources */,
				958891052D5C0B1F0059AE54 /* CameraScreen.swift in Sources */,
				958890EA2D5C06B30059AE54 /* AppAlertDialog.swift in Sources */,
				958890AB2D5BD14D0059AE54 /* Color.swift in Sources */,
				958890D12D5C014D0059AE54 /* ImageLoader.swift in Sources */,
			);
			runOnlyForDeploymentPostprocessing = 0;
		};
/* End PBXSourcesBuildPhase section */

/* Begin XCBuildConfiguration section */
		7555FFA3242A565B00829871 /* Debug */ = {
			isa = XCBuildConfiguration;
			buildSettings = {
				ALWAYS_SEARCH_USER_PATHS = NO;
				CLANG_ANALYZER_NONNULL = YES;
				CLANG_ANALYZER_NUMBER_OBJECT_CONVERSION = YES_AGGRESSIVE;
				CLANG_CXX_LANGUAGE_STANDARD = "gnu++14";
				CLANG_CXX_LIBRARY = "libc++";
				CLANG_ENABLE_MODULES = YES;
				CLANG_ENABLE_OBJC_ARC = YES;
				CLANG_ENABLE_OBJC_WEAK = YES;
				CLANG_WARN_BLOCK_CAPTURE_AUTORELEASING = YES;
				CLANG_WARN_BOOL_CONVERSION = YES;
				CLANG_WARN_COMMA = YES;
				CLANG_WARN_CONSTANT_CONVERSION = YES;
				CLANG_WARN_DEPRECATED_OBJC_IMPLEMENTATIONS = YES;
				CLANG_WARN_DIRECT_OBJC_ISA_USAGE = YES_ERROR;
				CLANG_WARN_DOCUMENTATION_COMMENTS = YES;
				CLANG_WARN_EMPTY_BODY = YES;
				CLANG_WARN_ENUM_CONVERSION = YES;
				CLANG_WARN_INFINITE_RECURSION = YES;
				CLANG_WARN_INT_CONVERSION = YES;
				CLANG_WARN_NON_LITERAL_NULL_CONVERSION = YES;
				CLANG_WARN_OBJC_IMPLICIT_RETAIN_SELF = YES;
				CLANG_WARN_OBJC_LITERAL_CONVERSION = YES;
				CLANG_WARN_OBJC_ROOT_CLASS = YES_ERROR;
				CLANG_WARN_QUOTED_INCLUDE_IN_FRAMEWORK_HEADER = YES;
				CLANG_WARN_RANGE_LOOP_ANALYSIS = YES;
				CLANG_WARN_STRICT_PROTOTYPES = YES;
				CLANG_WARN_SUSPICIOUS_MOVE = YES;
				CLANG_WARN_UNGUARDED_AVAILABILITY = YES_AGGRESSIVE;
				CLANG_WARN_UNREACHABLE_CODE = YES;
				CLANG_WARN__DUPLICATE_METHOD_MATCH = YES;
				COPY_PHASE_STRIP = NO;
				DEBUG_INFORMATION_FORMAT = "dwarf-with-dsym";
				ENABLE_STRICT_OBJC_MSGSEND = YES;
				ENABLE_TESTABILITY = YES;
				GCC_C_LANGUAGE_STANDARD = gnu11;
				GCC_DYNAMIC_NO_PIC = NO;
				GCC_NO_COMMON_BLOCKS = YES;
				GCC_OPTIMIZATION_LEVEL = 0;
				GCC_PREPROCESSOR_DEFINITIONS = (
					"DEBUG=1",
					"$(inherited)",
				);
				GCC_WARN_64_TO_32_BIT_CONVERSION = YES;
				GCC_WARN_ABOUT_RETURN_TYPE = YES_ERROR;
				GCC_WARN_UNDECLARED_SELECTOR = YES;
				GCC_WARN_UNINITIALIZED_AUTOS = YES_AGGRESSIVE;
				GCC_WARN_UNUSED_FUNCTION = YES;
				GCC_WARN_UNUSED_VARIABLE = YES;
				IPHONEOS_DEPLOYMENT_TARGET = 16.0;
				MTL_ENABLE_DEBUG_INFO = INCLUDE_SOURCE;
				MTL_FAST_MATH = YES;
				ONLY_ACTIVE_ARCH = YES;
				SDKROOT = iphoneos;
				SWIFT_ACTIVE_COMPILATION_CONDITIONS = DEBUG;
				SWIFT_OPTIMIZATION_LEVEL = "-Onone";
			};
			name = Debug;
		};
		7555FFA4242A565B00829871 /* Release */ = {
			isa = XCBuildConfiguration;
			buildSettings = {
				ALWAYS_SEARCH_USER_PATHS = NO;
				CLANG_ANALYZER_NONNULL = YES;
				CLANG_ANALYZER_NUMBER_OBJECT_CONVERSION = YES_AGGRESSIVE;
				CLANG_CXX_LANGUAGE_STANDARD = "gnu++14";
				CLANG_CXX_LIBRARY = "libc++";
				CLANG_ENABLE_MODULES = YES;
				CLANG_ENABLE_OBJC_ARC = YES;
				CLANG_ENABLE_OBJC_WEAK = YES;
				CLANG_WARN_BLOCK_CAPTURE_AUTORELEASING = YES;
				CLANG_WARN_BOOL_CONVERSION = YES;
				CLANG_WARN_COMMA = YES;
				CLANG_WARN_CONSTANT_CONVERSION = YES;
				CLANG_WARN_DEPRECATED_OBJC_IMPLEMENTATIONS = YES;
				CLANG_WARN_DIRECT_OBJC_ISA_USAGE = YES_ERROR;
				CLANG_WARN_DOCUMENTATION_COMMENTS = YES;
				CLANG_WARN_EMPTY_BODY = YES;
				CLANG_WARN_ENUM_CONVERSION = YES;
				CLANG_WARN_INFINITE_RECURSION = YES;
				CLANG_WARN_INT_CONVERSION = YES;
				CLANG_WARN_NON_LITERAL_NULL_CONVERSION = YES;
				CLANG_WARN_OBJC_IMPLICIT_RETAIN_SELF = YES;
				CLANG_WARN_OBJC_LITERAL_CONVERSION = YES;
				CLANG_WARN_OBJC_ROOT_CLASS = YES_ERROR;
				CLANG_WARN_QUOTED_INCLUDE_IN_FRAMEWORK_HEADER = YES;
				CLANG_WARN_RANGE_LOOP_ANALYSIS = YES;
				CLANG_WARN_STRICT_PROTOTYPES = YES;
				CLANG_WARN_SUSPICIOUS_MOVE = YES;
				CLANG_WARN_UNGUARDED_AVAILABILITY = YES_AGGRESSIVE;
				CLANG_WARN_UNREACHABLE_CODE = YES;
				CLANG_WARN__DUPLICATE_METHOD_MATCH = YES;
				COPY_PHASE_STRIP = NO;
				DEBUG_INFORMATION_FORMAT = "dwarf-with-dsym";
				ENABLE_NS_ASSERTIONS = NO;
				ENABLE_STRICT_OBJC_MSGSEND = YES;
				GCC_C_LANGUAGE_STANDARD = gnu11;
				GCC_NO_COMMON_BLOCKS = YES;
				GCC_WARN_64_TO_32_BIT_CONVERSION = YES;
				GCC_WARN_ABOUT_RETURN_TYPE = YES_ERROR;
				GCC_WARN_UNDECLARED_SELECTOR = YES;
				GCC_WARN_UNINITIALIZED_AUTOS = YES_AGGRESSIVE;
				GCC_WARN_UNUSED_FUNCTION = YES;
				GCC_WARN_UNUSED_VARIABLE = YES;
				IPHONEOS_DEPLOYMENT_TARGET = 16.0;
				MTL_ENABLE_DEBUG_INFO = NO;
				MTL_FAST_MATH = YES;
				SDKROOT = iphoneos;
				SWIFT_COMPILATION_MODE = wholemodule;
				SWIFT_OPTIMIZATION_LEVEL = "-O";
				VALIDATE_PRODUCT = YES;
			};
			name = Release;
		};
		7555FFA6242A565B00829871 /* Debug */ = {
			isa = XCBuildConfiguration;
			baseConfigurationReference = F6D7C0D348E60122D444C720 /* Pods-iosApp.debug.xcconfig */;
			buildSettings = {
				ASSETCATALOG_COMPILER_APPICON_NAME = AppIcon;
				CODE_SIGN_STYLE = Automatic;
				DEVELOPMENT_ASSET_PATHS = "\"iosApp/Preview Content\"";
				DEVELOPMENT_TEAM = PSKTFC3CFV;
				ENABLE_PREVIEWS = YES;
				INFOPLIST_FILE = iosApp/Info.plist;
				IPHONEOS_DEPLOYMENT_TARGET = 16.0;
				LD_RUNPATH_SEARCH_PATHS = (
					"$(inherited)",
					"@executable_path/Frameworks",
				);
				PRODUCT_BUNDLE_IDENTIFIER = orgIdentifier.iosApp;
				PRODUCT_NAME = "$(TARGET_NAME)";
				SWIFT_VERSION = 5.0;
				TARGETED_DEVICE_FAMILY = "1,2";
			};
			name = Debug;
		};
		7555FFA7242A565B00829871 /* Release */ = {
			isa = XCBuildConfiguration;
			baseConfigurationReference = 041A757E820F00974DEBDD63 /* Pods-iosApp.release.xcconfig */;
			buildSettings = {
				ASSETCATALOG_COMPILER_APPICON_NAME = AppIcon;
				CODE_SIGN_STYLE = Automatic;
				DEVELOPMENT_ASSET_PATHS = "\"iosApp/Preview Content\"";
				DEVELOPMENT_TEAM = PSKTFC3CFV;
				ENABLE_PREVIEWS = YES;
				INFOPLIST_FILE = iosApp/Info.plist;
				IPHONEOS_DEPLOYMENT_TARGET = 16.0;
				LD_RUNPATH_SEARCH_PATHS = (
					"$(inherited)",
					"@executable_path/Frameworks",
				);
				PRODUCT_BUNDLE_IDENTIFIER = orgIdentifier.iosApp;
				PRODUCT_NAME = "$(TARGET_NAME)";
				SWIFT_VERSION = 5.0;
				TARGETED_DEVICE_FAMILY = "1,2";
			};
			name = Release;
		};
/* End XCBuildConfiguration section */

/* Begin XCConfigurationList section */
		7555FF76242A565900829871 /* Build configuration list for PBXProject "iosApp" */ = {
			isa = XCConfigurationList;
			buildConfigurations = (
				7555FFA3242A565B00829871 /* Debug */,
				7555FFA4242A565B00829871 /* Release */,
			);
			defaultConfigurationIsVisible = 0;
			defaultConfigurationName = Release;
		};
		7555FFA5242A565B00829871 /* Build configuration list for PBXNativeTarget "iosApp" */ = {
			isa = XCConfigurationList;
			buildConfigurations = (
				7555FFA6242A565B00829871 /* Debug */,
				7555FFA7242A565B00829871 /* Release */,
			);
			defaultConfigurationIsVisible = 0;
			defaultConfigurationName = Release;
		};
/* End XCConfigurationList section */
	};
	rootObject = 7555FF73242A565900829871 /* Project object */;
}
